
Microsoft Visual Studio Solution File, Format Version 12.00
# Visual Studio 15
VisualStudioVersion = 15.0.28307.271
MinimumVisualStudioVersion = 10.0.40219.1
Project("{8BC9CEB8-8B4A-11D0-8D11-00A0C91BC942}") = "vcrt_fwd_x64_release", "vcrt_fwd_x64_release\vcrt_fwd_x64_release.vcxproj", "{B501E6D3-8680-41BF-8083-0833CDE7B76E}"
EndProject
Project("{8BC9CEB8-8B4A-11D0-8D11-00A0C91BC942}") = "concrt140_app", "concrt140_app\concrt140_app.vcxproj", "{E0F364D3-E7F0-4E6F-A45B-790F5BAE2568}"
EndProject
Project("{8BC9CEB8-8B4A-11D0-8D11-00A0C91BC942}") = "msvcp140_1_app", "msvcp140_1_app\msvcp140_1_app.vcxproj", "{DBD2DB5A-4B4D-4AAF-87EA-5945916BEEAA}"
EndProject
Project("{8BC9CEB8-8B4A-11D0-8D11-00A0C91BC942}") = "msvcp140_2_app", "msvcp140_2_app\msvcp140_2_app.vcxproj", "{B2A6EFEB-5AA9-4C24-BA64-FE215A65F846}"
EndProject
Project("{8BC9CEB8-8B4A-11D0-8D11-00A0C91BC942}") = "msvcp140_app", "msvcp140_app\msvcp140_app.vcxproj", "{DA0E5509-A3D8-4E69-BD8F-14D5C96F6765}"
EndProject
Project("{8BC9CEB8-8B4A-11D0-8D11-00A0C91BC942}") = "vcamp140_app", "vcamp140_app\vcamp140_app.vcxproj", "{03116591-F243-4080-8779-003342F36DFE}"
EndProject
Project("{8BC9CEB8-8B4A-11D0-8D11-00A0C91BC942}") = "vccorlib140_app", "vccorlib140_app\vccorlib140_app.vcxproj", "{05120DDE-D23A-4820-BDC2-ABC78D7FBD7F}"
EndProject
Project("{8BC9CEB8-8B4A-11D0-8D11-00A0C91BC942}") = "vcomp140_app", "vcomp140_app\vcomp140_app.vcxproj", "{5E021F7E-7681-477A-AA60-5E8B7F29B8BC}"
EndProject
Project("{8BC9CEB8-8B4A-11D0-8D11-00A0C91BC942}") = "vcruntime140_app", "vcruntime140_app\vcruntime140_app.vcxproj", "{54EF306F-5425-4062-A03F-289622DC40DD}"
EndProject
Global
	GlobalSection(SolutionConfigurationPlatforms) = preSolution
		Debug|x64 = Debug|x64
		Debug|x86 = Debug|x86
		Release|x64 = Release|x64
		Release|x86 = Release|x86
	EndGlobalSection
	GlobalSection(ProjectConfigurationPlatforms) = postSolution
		{B501E6D3-8680-41BF-8083-0833CDE7B76E}.Debug|x64.ActiveCfg = Debug|x64
		{B501E6D3-8680-41BF-8083-0833CDE7B76E}.Debug|x64.Build.0 = Debug|x64
		{B501E6D3-8680-41BF-8083-0833CDE7B76E}.Debug|x86.ActiveCfg = Release|x64
		{B501E6D3-8680-41BF-8083-0833CDE7B76E}.Debug|x86.Build.0 = Release|x64
		{B501E6D3-8680-41BF-8083-0833CDE7B76E}.Release|x64.ActiveCfg = Release|x64
		{B501E6D3-8680-41BF-8083-0833CDE7B76E}.Release|x64.Build.0 = Release|x64
		{B501E6D3-8680-41BF-8083-0833CDE7B76E}.Release|x86.ActiveCfg = Release|Win32
		{B501E6D3-8680-41BF-8083-0833CDE7B76E}.Release|x86.Build.0 = Release|Win32
		{E0F364D3-E7F0-4E6F-A45B-790F5BAE2568}.Debug|x64.ActiveCfg = Debug|x64
		{E0F364D3-E7F0-4E6F-A45B-790F5BAE2568}.Debug|x64.Build.0 = Debug|x64
		{E0F364D3-E7F0-4E6F-A45B-790F5BAE2568}.Debug|x86.ActiveCfg = Debug|Win32
		{E0F364D3-E7F0-4E6F-A45B-790F5BAE2568}.Debug|x86.Build.0 = Debug|Win32
		{E0F364D3-E7F0-4E6F-A45B-790F5BAE2568}.Release|x64.ActiveCfg = Release|x64
		{E0F364D3-E7F0-4E6F-A45B-790F5BAE2568}.Release|x64.Build.0 = Release|x64
		{E0F364D3-E7F0-4E6F-A45B-790F5BAE2568}.Release|x86.ActiveCfg = Release|Win32
		{E0F364D3-E7F0-4E6F-A45B-790F5BAE2568}.Release|x86.Build.0 = Release|Win32
		{DBD2DB5A-4B4D-4AAF-87EA-5945916BEEAA}.Debug|x64.ActiveCfg = Debug|x64
		{DBD2DB5A-4B4D-4AAF-87EA-5945916BEEAA}.Debug|x64.Build.0 = Debug|x64
		{DBD2DB5A-4B4D-4AAF-87EA-5945916BEEAA}.Debug|x86.ActiveCfg = Debug|Win32
		{DBD2DB5A-4B4D-4AAF-87EA-5945916BEEAA}.Debug|x86.Build.0 = Debug|Win32
		{DBD2DB5A-4B4D-4AAF-87EA-5945916BEEAA}.Release|x64.ActiveCfg = Release|x64
		{DBD2DB5A-4B4D-4AAF-87EA-5945916BEEAA}.Release|x64.Build.0 = Release|x64
		{DBD2DB5A-4B4D-4AAF-87EA-5945916BEEAA}.Release|x86.ActiveCfg = Release|Win32
		{DBD2DB5A-4B4D-4AAF-87EA-5945916BEEAA}.Release|x86.Build.0 = Release|Win32
		{B2A6EFEB-5AA9-4C24-BA64-FE215A65F846}.Debug|x64.ActiveCfg = Debug|x64
		{B2A6EFEB-5AA9-4C24-BA64-FE215A65F846}.Debug|x64.Build.0 = Debug|x64
		{B2A6EFEB-5AA9-4C24-BA64-FE215A65F846}.Debug|x86.ActiveCfg = Debug|Win32
		{B2A6EFEB-5AA9-4C24-BA64-FE215A65F846}.Debug|x86.Build.0 = Debug|Win32
		{B2A6EFEB-5AA9-4C24-BA64-FE215A65F846}.Release|x64.ActiveCfg = Release|x64
		{B2A6EFEB-5AA9-4C24-BA64-FE215A65F846}.Release|x64.Build.0 = Release|x64
		{B2A6EFEB-5AA9-4C24-BA64-FE215A65F846}.Release|x86.ActiveCfg = Release|Win32
		{B2A6EFEB-5AA9-4C24-BA64-FE215A65F846}.Release|x86.Build.0 = Release|Win32
		{DA0E5509-A3D8-4E69-BD8F-14D5C96F6765}.Debug|x64.ActiveCfg = Debug|x64
		{DA0E5509-A3D8-4E69-BD8F-14D5C96F6765}.Debug|x64.Build.0 = Debug|x64
		{DA0E5509-A3D8-4E69-BD8F-14D5C96F6765}.Debug|x86.ActiveCfg = Debug|Win32
		{DA0E5509-A3D8-4E69-BD8F-14D5C96F6765}.Debug|x86.Build.0 = Debug|Win32
		{DA0E5509-A3D8-4E69-BD8F-14D5C96F6765}.Release|x64.ActiveCfg = Release|x64
		{DA0E5509-A3D8-4E69-BD8F-14D5C96F6765}.Release|x64.Build.0 = Release|x64
		{DA0E5509-A3D8-4E69-BD8F-14D5C96F6765}.Release|x86.ActiveCfg = Release|Win32
		{DA0E5509-A3D8-4E69-BD8F-14D5C96F6765}.Release|x86.Build.0 = Release|Win32
		{03116591-F243-4080-8779-003342F36DFE}.Debug|x64.ActiveCfg = Debug|x64
		{03116591-F243-4080-8779-003342F36DFE}.Debug|x64.Build.0 = Debug|x64
		{03116591-F243-4080-8779-003342F36DFE}.Debug|x86.ActiveCfg = Debug|Win32
		{03116591-F243-4080-8779-003342F36DFE}.Debug|x86.Build.0 = Debug|Win32
		{03116591-F243-4080-8779-003342F36DFE}.Release|x64.ActiveCfg = Release|x64
		{03116591-F243-4080-8779-003342F36DFE}.Release|x64.Build.0 = Release|x64
		{03116591-F243-4080-8779-003342F36DFE}.Release|x86.ActiveCfg = Release|Win32
		{03116591-F243-4080-8779-003342F36DFE}.Release|x86.Build.0 = Release|Win32
		{05120DDE-D23A-4820-BDC2-ABC78D7FBD7F}.Debug|x64.ActiveCfg = Debug|x64
		{05120DDE-D23A-4820-BDC2-ABC78D7FBD7F}.Debug|x64.Build.0 = Debug|x64
		{05120DDE-D23A-4820-BDC2-ABC78D7FBD7F}.Debug|x86.ActiveCfg = Debug|Win32
		{05120DDE-D23A-4820-BDC2-ABC78D7FBD7F}.Debug|x86.Build.0 = Debug|Win32
		{05120DDE-D23A-4820-BDC2-ABC78D7FBD7F}.Release|x64.ActiveCfg = Release|x64
		{05120DDE-D23A-4820-BDC2-ABC78D7FBD7F}.Release|x64.Build.0 = Release|x64
		{05120DDE-D23A-4820-BDC2-ABC78D7FBD7F}.Release|x86.ActiveCfg = Release|Win32
		{05120DDE-D23A-4820-BDC2-ABC78D7FBD7F}.Release|x86.Build.0 = Release|Win32
		{5E021F7E-7681-477A-AA60-5E8B7F29B8BC}.Debug|x64.ActiveCfg = Debug|x64
		{5E021F7E-7681-477A-AA60-5E8B7F29B8BC}.Debug|x64.Build.0 = Debug|x64
		{5E021F7E-7681-477A-AA60-5E8B7F29B8BC}.Debug|x86.ActiveCfg = Debug|Win32
		{5E021F7E-7681-477A-AA60-5E8B7F29B8BC}.Debug|x86.Build.0 = Debug|Win32
		{5E021F7E-7681-477A-AA60-5E8B7F29B8BC}.Release|x64.ActiveCfg = Release|x64
		{5E021F7E-7681-477A-AA60-5E8B7F29B8BC}.Release|x64.Build.0 = Release|x64
		{5E021F7E-7681-477A-AA60-5E8B7F29B8BC}.Release|x86.ActiveCfg = Release|Win32
		{5E021F7E-7681-477A-AA60-5E8B7F29B8BC}.Release|x86.Build.0 = Release|Win32
		{54EF306F-5425-4062-A03F-289622DC40DD}.Debug|x64.ActiveCfg = Debug|x64
		{54EF306F-5425-4062-A03F-289622DC40DD}.Debug|x64.Build.0 = Debug|x64
		{54EF306F-5425-4062-A03F-289622DC40DD}.Debug|x86.ActiveCfg = Debug|Win32
		{54EF306F-5425-4062-A03F-289622DC40DD}.Debug|x86.Build.0 = Debug|Win32
		{54EF306F-5425-4062-A03F-289622DC40DD}.Release|x64.ActiveCfg = Release|x64
		{54EF306F-5425-4062-A03F-289622DC40DD}.Release|x64.Build.0 = Release|x64
		{54EF306F-5425-4062-A03F-289622DC40DD}.Release|x86.ActiveCfg = Release|Win32
		{54EF306F-5425-4062-A03F-289622DC40DD}.Release|x86.Build.0 = Release|Win32
	EndGlobalSection
	GlobalSection(SolutionProperties) = preSolution
		HideSolutionNode = FALSE
	EndGlobalSection
	GlobalSection(ExtensibilityGlobals) = postSolution
		SolutionGuid = {7286B8A1-0AF5-4788-AD04-A6E568540F04}
	EndGlobalSection
EndGlobal
