
Microsoft Visual Studio Solution File, Format Version 12.00
# Visual Studio 15
VisualStudioVersion = 15.0.28307.271
MinimumVisualStudioVersion = 10.0.40219.1
Project("{8BC9CEB8-8B4A-11D0-8D11-00A0C91BC942}") = "vcrt_fwd_x64_debug", "vcrt_fwd_x64_debug\vcrt_fwd_x64_debug.vcxproj", "{F71D0289-EDFA-4A4D-89F8-BBA446640551}"
EndProject
Project("{8BC9CEB8-8B4A-11D0-8D11-00A0C91BC942}") = "concrt140d_app", "concrt140d_app\concrt140d_app.vcxproj", "{95718BB3-2B2B-468C-94D5-B25F311EBFD3}"
EndProject
Project("{8BC9CEB8-8B4A-11D0-8D11-00A0C91BC942}") = "msvcp140_1d_app", "msvcp140_1d_app\msvcp140_1d_app.vcxproj", "{DCEEB432-5AE6-4D61-AEF6-AF675668B334}"
EndProject
Project("{8BC9CEB8-8B4A-11D0-8D11-00A0C91BC942}") = "msvcp140_2d_app", "msvcp140_2d_app\msvcp140_2d_app.vcxproj", "{D13D4757-D785-44D7-8562-B3F5E2669021}"
EndProject
Project("{8BC9CEB8-8B4A-11D0-8D11-00A0C91BC942}") = "msvcp140d_app", "msvcp140d_app\msvcp140d_app.vcxproj", "{3CDDBD2B-BECB-4A5B-92E9-D3F487277190}"
EndProject
Project("{8BC9CEB8-8B4A-11D0-8D11-00A0C91BC942}") = "vcamp140d_app", "vcamp140d_app\vcamp140d_app.vcxproj", "{E18DFEE2-3EA6-49AC-8492-881D650E6837}"
EndProject
Project("{8BC9CEB8-8B4A-11D0-8D11-00A0C91BC942}") = "vcomp140d_app", "vcomp140d_app\vcomp140d_app.vcxproj", "{98A2EC15-C76E-4FCF-8B74-AB8FD28AB620}"
EndProject
Project("{8BC9CEB8-8B4A-11D0-8D11-00A0C91BC942}") = "vcruntime140d_app", "vcruntime140d_app\vcruntime140d_app.vcxproj", "{F6D87509-E605-492B-93B2-040FB96744C3}"
EndProject
Project("{8BC9CEB8-8B4A-11D0-8D11-00A0C91BC942}") = "vccorlib140d_app", "vccorlib140d_app\vccorlib140d_app.vcxproj", "{962C60D1-A35B-4375-B48B-E2DBBBC01757}"
EndProject
Global
	GlobalSection(SolutionConfigurationPlatforms) = preSolution
		Debug|x64 = Debug|x64
	EndGlobalSection
	GlobalSection(ProjectConfigurationPlatforms) = postSolution
		{F71D0289-EDFA-4A4D-89F8-BBA446640551}.Debug|x64.ActiveCfg = Debug|x64
		{F71D0289-EDFA-4A4D-89F8-BBA446640551}.Debug|x64.Build.0 = Debug|x64
		{F71D0289-EDFA-4A4D-89F8-BBA446640551}.Debug|x86.ActiveCfg = Debug|Win32
		{F71D0289-EDFA-4A4D-89F8-BBA446640551}.Debug|x86.Build.0 = Debug|Win32
		{F71D0289-EDFA-4A4D-89F8-BBA446640551}.Release|x64.ActiveCfg = Release|x64
		{F71D0289-EDFA-4A4D-89F8-BBA446640551}.Release|x64.Build.0 = Release|x64
		{F71D0289-EDFA-4A4D-89F8-BBA446640551}.Release|x86.ActiveCfg = Release|Win32
		{F71D0289-EDFA-4A4D-89F8-BBA446640551}.Release|x86.Build.0 = Release|Win32
		{95718BB3-2B2B-468C-94D5-B25F311EBFD3}.Debug|x64.ActiveCfg = Debug|x64
		{95718BB3-2B2B-468C-94D5-B25F311EBFD3}.Debug|x64.Build.0 = Debug|x64
		{95718BB3-2B2B-468C-94D5-B25F311EBFD3}.Debug|x86.ActiveCfg = Debug|Win32
		{95718BB3-2B2B-468C-94D5-B25F311EBFD3}.Debug|x86.Build.0 = Debug|Win32
		{95718BB3-2B2B-468C-94D5-B25F311EBFD3}.Release|x64.ActiveCfg = Release|x64
		{95718BB3-2B2B-468C-94D5-B25F311EBFD3}.Release|x64.Build.0 = Release|x64
		{95718BB3-2B2B-468C-94D5-B25F311EBFD3}.Release|x86.ActiveCfg = Release|Win32
		{95718BB3-2B2B-468C-94D5-B25F311EBFD3}.Release|x86.Build.0 = Release|Win32
		{DCEEB432-5AE6-4D61-AEF6-AF675668B334}.Debug|x64.ActiveCfg = Debug|x64
		{DCEEB432-5AE6-4D61-AEF6-AF675668B334}.Debug|x64.Build.0 = Debug|x64
		{DCEEB432-5AE6-4D61-AEF6-AF675668B334}.Debug|x86.ActiveCfg = Debug|Win32
		{DCEEB432-5AE6-4D61-AEF6-AF675668B334}.Debug|x86.Build.0 = Debug|Win32
		{DCEEB432-5AE6-4D61-AEF6-AF675668B334}.Release|x64.ActiveCfg = Release|x64
		{DCEEB432-5AE6-4D61-AEF6-AF675668B334}.Release|x64.Build.0 = Release|x64
		{DCEEB432-5AE6-4D61-AEF6-AF675668B334}.Release|x86.ActiveCfg = Release|Win32
		{DCEEB432-5AE6-4D61-AEF6-AF675668B334}.Release|x86.Build.0 = Release|Win32
		{D13D4757-D785-44D7-8562-B3F5E2669021}.Debug|x64.ActiveCfg = Debug|x64
		{D13D4757-D785-44D7-8562-B3F5E2669021}.Debug|x64.Build.0 = Debug|x64
		{D13D4757-D785-44D7-8562-B3F5E2669021}.Debug|x86.ActiveCfg = Debug|Win32
		{D13D4757-D785-44D7-8562-B3F5E2669021}.Debug|x86.Build.0 = Debug|Win32
		{D13D4757-D785-44D7-8562-B3F5E2669021}.Release|x64.ActiveCfg = Release|x64
		{D13D4757-D785-44D7-8562-B3F5E2669021}.Release|x64.Build.0 = Release|x64
		{D13D4757-D785-44D7-8562-B3F5E2669021}.Release|x86.ActiveCfg = Release|Win32
		{D13D4757-D785-44D7-8562-B3F5E2669021}.Release|x86.Build.0 = Release|Win32
		{3CDDBD2B-BECB-4A5B-92E9-D3F487277190}.Debug|x64.ActiveCfg = Debug|x64
		{3CDDBD2B-BECB-4A5B-92E9-D3F487277190}.Debug|x64.Build.0 = Debug|x64
		{3CDDBD2B-BECB-4A5B-92E9-D3F487277190}.Debug|x86.ActiveCfg = Debug|Win32
		{3CDDBD2B-BECB-4A5B-92E9-D3F487277190}.Debug|x86.Build.0 = Debug|Win32
		{3CDDBD2B-BECB-4A5B-92E9-D3F487277190}.Release|x64.ActiveCfg = Release|x64
		{3CDDBD2B-BECB-4A5B-92E9-D3F487277190}.Release|x64.Build.0 = Release|x64
		{3CDDBD2B-BECB-4A5B-92E9-D3F487277190}.Release|x86.ActiveCfg = Release|Win32
		{3CDDBD2B-BECB-4A5B-92E9-D3F487277190}.Release|x86.Build.0 = Release|Win32
		{E18DFEE2-3EA6-49AC-8492-881D650E6837}.Debug|x64.ActiveCfg = Debug|x64
		{E18DFEE2-3EA6-49AC-8492-881D650E6837}.Debug|x64.Build.0 = Debug|x64
		{E18DFEE2-3EA6-49AC-8492-881D650E6837}.Debug|x86.ActiveCfg = Debug|Win32
		{E18DFEE2-3EA6-49AC-8492-881D650E6837}.Debug|x86.Build.0 = Debug|Win32
		{E18DFEE2-3EA6-49AC-8492-881D650E6837}.Release|x64.ActiveCfg = Release|x64
		{E18DFEE2-3EA6-49AC-8492-881D650E6837}.Release|x64.Build.0 = Release|x64
		{E18DFEE2-3EA6-49AC-8492-881D650E6837}.Release|x86.ActiveCfg = Release|Win32
		{E18DFEE2-3EA6-49AC-8492-881D650E6837}.Release|x86.Build.0 = Release|Win32
		{98A2EC15-C76E-4FCF-8B74-AB8FD28AB620}.Debug|x64.ActiveCfg = Debug|x64
		{98A2EC15-C76E-4FCF-8B74-AB8FD28AB620}.Debug|x64.Build.0 = Debug|x64
		{98A2EC15-C76E-4FCF-8B74-AB8FD28AB620}.Debug|x86.ActiveCfg = Debug|Win32
		{98A2EC15-C76E-4FCF-8B74-AB8FD28AB620}.Debug|x86.Build.0 = Debug|Win32
		{98A2EC15-C76E-4FCF-8B74-AB8FD28AB620}.Release|x64.ActiveCfg = Release|x64
		{98A2EC15-C76E-4FCF-8B74-AB8FD28AB620}.Release|x64.Build.0 = Release|x64
		{98A2EC15-C76E-4FCF-8B74-AB8FD28AB620}.Release|x86.ActiveCfg = Release|Win32
		{98A2EC15-C76E-4FCF-8B74-AB8FD28AB620}.Release|x86.Build.0 = Release|Win32
		{F6D87509-E605-492B-93B2-040FB96744C3}.Debug|x64.ActiveCfg = Debug|x64
		{F6D87509-E605-492B-93B2-040FB96744C3}.Debug|x64.Build.0 = Debug|x64
		{F6D87509-E605-492B-93B2-040FB96744C3}.Debug|x86.ActiveCfg = Debug|Win32
		{F6D87509-E605-492B-93B2-040FB96744C3}.Debug|x86.Build.0 = Debug|Win32
		{F6D87509-E605-492B-93B2-040FB96744C3}.Release|x64.ActiveCfg = Release|x64
		{F6D87509-E605-492B-93B2-040FB96744C3}.Release|x64.Build.0 = Release|x64
		{F6D87509-E605-492B-93B2-040FB96744C3}.Release|x86.ActiveCfg = Release|Win32
		{F6D87509-E605-492B-93B2-040FB96744C3}.Release|x86.Build.0 = Release|Win32
		{962C60D1-A35B-4375-B48B-E2DBBBC01757}.Debug|x64.ActiveCfg = Debug|x64
		{962C60D1-A35B-4375-B48B-E2DBBBC01757}.Debug|x64.Build.0 = Debug|x64
		{962C60D1-A35B-4375-B48B-E2DBBBC01757}.Debug|x86.ActiveCfg = Debug|Win32
		{962C60D1-A35B-4375-B48B-E2DBBBC01757}.Debug|x86.Build.0 = Debug|Win32
		{962C60D1-A35B-4375-B48B-E2DBBBC01757}.Release|x64.ActiveCfg = Release|x64
		{962C60D1-A35B-4375-B48B-E2DBBBC01757}.Release|x64.Build.0 = Release|x64
		{962C60D1-A35B-4375-B48B-E2DBBBC01757}.Release|x86.ActiveCfg = Release|Win32
		{962C60D1-A35B-4375-B48B-E2DBBBC01757}.Release|x86.Build.0 = Release|Win32
	EndGlobalSection
	GlobalSection(SolutionProperties) = preSolution
		HideSolutionNode = FALSE
	EndGlobalSection
	GlobalSection(ExtensibilityGlobals) = postSolution
		SolutionGuid = {8BBA8976-4B73-4219-978E-C33A2FDB30BC}
	EndGlobalSection
EndGlobal
